
Microsoft Visual Studio Solution File, Format Version 12.00
# Visual Studio Version 17
VisualStudioVersion = 17.3.32901.215
MinimumVisualStudioVersion = 10.0.40219.1
Project("{9A19103F-16F7-4668-BE54-9A1E7A4F7556}") = "Losetta", "Losetta\Losetta.csproj", "{314BCCE1-CD1E-4EBD-8F87-FD80E3FE0EBC}"
EndProject
Project("{9A19103F-16F7-4668-BE54-9A1E7A4F7556}") = "alice", "alice\alice.csproj", "{771A8344-88E0-44A0-BF8B-E8C0717E5022}"
EndProject
Project("{9A19103F-16F7-4668-BE54-9A1E7A4F7556}") = "Losetta.Runtime", "Losetta.Runtime\Losetta.Runtime.csproj", "{DD4EFCA0-F2B9-448E-A124-0267C5066164}"
EndProject
Global
	GlobalSection(SolutionConfigurationPlatforms) = preSolution
		Debug|Any CPU = Debug|Any CPU
		Release|Any CPU = Release|Any CPU
	EndGlobalSection
	GlobalSection(ProjectConfigurationPlatforms) = postSolution
		{314BCCE1-CD1E-4EBD-8F87-FD80E3FE0EBC}.Debug|Any CPU.ActiveCfg = Debug|Any CPU
		{314BCCE1-CD1E-4EBD-8F87-FD80E3FE0EBC}.Debug|Any CPU.Build.0 = Debug|Any CPU
		{314BCCE1-CD1E-4EBD-8F87-FD80E3FE0EBC}.Release|Any CPU.ActiveCfg = Release|Any CPU
		{314BCCE1-CD1E-4EBD-8F87-FD80E3FE0EBC}.Release|Any CPU.Build.0 = Release|Any CPU
		{771A8344-88E0-44A0-BF8B-E8C0717E5022}.Debug|Any CPU.ActiveCfg = Debug|Any CPU
		{771A8344-88E0-44A0-BF8B-E8C0717E5022}.Debug|Any CPU.Build.0 = Debug|Any CPU
		{771A8344-88E0-44A0-BF8B-E8C0717E5022}.Release|Any CPU.ActiveCfg = Release|Any CPU
		{771A8344-88E0-44A0-BF8B-E8C0717E5022}.Release|Any CPU.Build.0 = Release|Any CPU
		{DD4EFCA0-F2B9-448E-A124-0267C5066164}.Debug|Any CPU.ActiveCfg = Debug|Any CPU
		{DD4EFCA0-F2B9-448E-A124-0267C5066164}.Debug|Any CPU.Build.0 = Debug|Any CPU
		{DD4EFCA0-F2B9-448E-A124-0267C5066164}.Release|Any CPU.ActiveCfg = Release|Any CPU
		{DD4EFCA0-F2B9-448E-A124-0267C5066164}.Release|Any CPU.Build.0 = Release|Any CPU
	EndGlobalSection
	GlobalSection(SolutionProperties) = preSolution
		HideSolutionNode = FALSE
	EndGlobalSection
	GlobalSection(ExtensibilityGlobals) = postSolution
		SolutionGuid = {87851957-A0F2-43DB-B97D-E60EACFF018E}
	EndGlobalSection
EndGlobal
