
Microsoft Visual Studio Solution File, Format Version 12.00
# Visual Studio Version 17
VisualStudioVersion = 17.3.32901.215
MinimumVisualStudioVersion = 10.0.40219.1
Project("{9A19103F-16F7-4668-BE54-9A1E7A4F7556}") = "Losetta", "Losetta\Losetta.csproj", "{314BCCE1-CD1E-4EBD-8F87-FD80E3FE0EBC}"
EndProject
Project("{9A19103F-16F7-4668-BE54-9A1E7A4F7556}") = "alice", "alice\alice.csproj", "{771A8344-88E0-44A0-BF8B-E8C0717E5022}"
EndProject
Project("{9A19103F-16F7-4668-BE54-9A1E7A4F7556}") = "Losetta.Runtime", "Losetta.Runtime\Losetta.Runtime.csproj", "{DD4EFCA0-F2B9-448E-A124-0267C5066164}"
EndProject
Global
	GlobalSection(SolutionConfigurationPlatforms) = preSolution
		Debug_Throw|Any CPU = Debug_Throw|Any CPU
		Debug_Throw|ARM32 = Debug_Throw|ARM32
		Debug_Throw|ARM64 = Debug_Throw|ARM64
		Debug_Throw|x64 = Debug_Throw|x64
		Debug_Throw|x86 = Debug_Throw|x86
		Debug|Any CPU = Debug|Any CPU
		Debug|ARM32 = Debug|ARM32
		Debug|ARM64 = Debug|ARM64
		Debug|x64 = Debug|x64
		Debug|x86 = Debug|x86
		Release_Linux_ARM|Any CPU = Release_Linux_ARM|Any CPU
		Release_Linux_ARM|ARM32 = Release_Linux_ARM|ARM32
		Release_Linux_ARM|ARM64 = Release_Linux_ARM|ARM64
		Release_Linux_ARM|x64 = Release_Linux_ARM|x64
		Release_Linux_ARM|x86 = Release_Linux_ARM|x86
		Release_Linux_ARM64|Any CPU = Release_Linux_ARM64|Any CPU
		Release_Linux_ARM64|ARM32 = Release_Linux_ARM64|ARM32
		Release_Linux_ARM64|ARM64 = Release_Linux_ARM64|ARM64
		Release_Linux_ARM64|x64 = Release_Linux_ARM64|x64
		Release_Linux_ARM64|x86 = Release_Linux_ARM64|x86
		Release_Linux_x64|Any CPU = Release_Linux_x64|Any CPU
		Release_Linux_x64|ARM32 = Release_Linux_x64|ARM32
		Release_Linux_x64|ARM64 = Release_Linux_x64|ARM64
		Release_Linux_x64|x64 = Release_Linux_x64|x64
		Release_Linux_x64|x86 = Release_Linux_x64|x86
		Release_OSX_ARM64|Any CPU = Release_OSX_ARM64|Any CPU
		Release_OSX_ARM64|ARM32 = Release_OSX_ARM64|ARM32
		Release_OSX_ARM64|ARM64 = Release_OSX_ARM64|ARM64
		Release_OSX_ARM64|x64 = Release_OSX_ARM64|x64
		Release_OSX_ARM64|x86 = Release_OSX_ARM64|x86
		Release_OSX_x64|Any CPU = Release_OSX_x64|Any CPU
		Release_OSX_x64|ARM32 = Release_OSX_x64|ARM32
		Release_OSX_x64|ARM64 = Release_OSX_x64|ARM64
		Release_OSX_x64|x64 = Release_OSX_x64|x64
		Release_OSX_x64|x86 = Release_OSX_x64|x86
		Release_Win_ARM|Any CPU = Release_Win_ARM|Any CPU
		Release_Win_ARM|ARM32 = Release_Win_ARM|ARM32
		Release_Win_ARM|ARM64 = Release_Win_ARM|ARM64
		Release_Win_ARM|x64 = Release_Win_ARM|x64
		Release_Win_ARM|x86 = Release_Win_ARM|x86
		Release_Win_ARM64|Any CPU = Release_Win_ARM64|Any CPU
		Release_Win_ARM64|ARM32 = Release_Win_ARM64|ARM32
		Release_Win_ARM64|ARM64 = Release_Win_ARM64|ARM64
		Release_Win_ARM64|x64 = Release_Win_ARM64|x64
		Release_Win_ARM64|x86 = Release_Win_ARM64|x86
		Release_Win_X64|Any CPU = Release_Win_X64|Any CPU
		Release_Win_X64|ARM32 = Release_Win_X64|ARM32
		Release_Win_X64|ARM64 = Release_Win_X64|ARM64
		Release_Win_X64|x64 = Release_Win_X64|x64
		Release_Win_X64|x86 = Release_Win_X64|x86
		Release_Win_X86|Any CPU = Release_Win_X86|Any CPU
		Release_Win_X86|ARM32 = Release_Win_X86|ARM32
		Release_Win_X86|ARM64 = Release_Win_X86|ARM64
		Release_Win_X86|x64 = Release_Win_X86|x64
		Release_Win_X86|x86 = Release_Win_X86|x86
		Release|Any CPU = Release|Any CPU
		Release|ARM32 = Release|ARM32
		Release|ARM64 = Release|ARM64
		Release|x64 = Release|x64
		Release|x86 = Release|x86
	EndGlobalSection
	GlobalSection(ProjectConfigurationPlatforms) = postSolution
		{314BCCE1-CD1E-4EBD-8F87-FD80E3FE0EBC}.Debug_Throw|Any CPU.ActiveCfg = Debug_Throw|Any CPU
		{314BCCE1-CD1E-4EBD-8F87-FD80E3FE0EBC}.Debug_Throw|Any CPU.Build.0 = Debug_Throw|Any CPU
		{314BCCE1-CD1E-4EBD-8F87-FD80E3FE0EBC}.Debug_Throw|ARM32.ActiveCfg = Debug_Throw|ARM32
		{314BCCE1-CD1E-4EBD-8F87-FD80E3FE0EBC}.Debug_Throw|ARM32.Build.0 = Debug_Throw|ARM32
		{314BCCE1-CD1E-4EBD-8F87-FD80E3FE0EBC}.Debug_Throw|ARM64.ActiveCfg = Debug_Throw|ARM64
		{314BCCE1-CD1E-4EBD-8F87-FD80E3FE0EBC}.Debug_Throw|ARM64.Build.0 = Debug_Throw|ARM64
		{314BCCE1-CD1E-4EBD-8F87-FD80E3FE0EBC}.Debug_Throw|x64.ActiveCfg = Debug_Throw|x64
		{314BCCE1-CD1E-4EBD-8F87-FD80E3FE0EBC}.Debug_Throw|x64.Build.0 = Debug_Throw|x64
		{314BCCE1-CD1E-4EBD-8F87-FD80E3FE0EBC}.Debug_Throw|x86.ActiveCfg = Debug_Throw|x86
		{314BCCE1-CD1E-4EBD-8F87-FD80E3FE0EBC}.Debug_Throw|x86.Build.0 = Debug_Throw|x86
		{314BCCE1-CD1E-4EBD-8F87-FD80E3FE0EBC}.Debug|Any CPU.ActiveCfg = Debug|Any CPU
		{314BCCE1-CD1E-4EBD-8F87-FD80E3FE0EBC}.Debug|Any CPU.Build.0 = Debug|Any CPU
		{314BCCE1-CD1E-4EBD-8F87-FD80E3FE0EBC}.Debug|ARM32.ActiveCfg = Debug|ARM32
		{314BCCE1-CD1E-4EBD-8F87-FD80E3FE0EBC}.Debug|ARM32.Build.0 = Debug|ARM32
		{314BCCE1-CD1E-4EBD-8F87-FD80E3FE0EBC}.Debug|ARM64.ActiveCfg = Debug|ARM64
		{314BCCE1-CD1E-4EBD-8F87-FD80E3FE0EBC}.Debug|ARM64.Build.0 = Debug|ARM64
		{314BCCE1-CD1E-4EBD-8F87-FD80E3FE0EBC}.Debug|x64.ActiveCfg = Debug|x64
		{314BCCE1-CD1E-4EBD-8F87-FD80E3FE0EBC}.Debug|x64.Build.0 = Debug|x64
		{314BCCE1-CD1E-4EBD-8F87-FD80E3FE0EBC}.Debug|x86.ActiveCfg = Debug|x86
		{314BCCE1-CD1E-4EBD-8F87-FD80E3FE0EBC}.Debug|x86.Build.0 = Debug|x86
		{314BCCE1-CD1E-4EBD-8F87-FD80E3FE0EBC}.Release_Linux_ARM|Any CPU.ActiveCfg = Release_Linux_ARM|Any CPU
		{314BCCE1-CD1E-4EBD-8F87-FD80E3FE0EBC}.Release_Linux_ARM|Any CPU.Build.0 = Release_Linux_ARM|Any CPU
		{314BCCE1-CD1E-4EBD-8F87-FD80E3FE0EBC}.Release_Linux_ARM|ARM32.ActiveCfg = Release_Linux_ARM|ARM32
		{314BCCE1-CD1E-4EBD-8F87-FD80E3FE0EBC}.Release_Linux_ARM|ARM32.Build.0 = Release_Linux_ARM|ARM32
		{314BCCE1-CD1E-4EBD-8F87-FD80E3FE0EBC}.Release_Linux_ARM|ARM64.ActiveCfg = Release_Linux_ARM|ARM64
		{314BCCE1-CD1E-4EBD-8F87-FD80E3FE0EBC}.Release_Linux_ARM|ARM64.Build.0 = Release_Linux_ARM|ARM64
		{314BCCE1-CD1E-4EBD-8F87-FD80E3FE0EBC}.Release_Linux_ARM|x64.ActiveCfg = Release_Linux_ARM|x64
		{314BCCE1-CD1E-4EBD-8F87-FD80E3FE0EBC}.Release_Linux_ARM|x64.Build.0 = Release_Linux_ARM|x64
		{314BCCE1-CD1E-4EBD-8F87-FD80E3FE0EBC}.Release_Linux_ARM|x86.ActiveCfg = Release_Linux_ARM|x86
		{314BCCE1-CD1E-4EBD-8F87-FD80E3FE0EBC}.Release_Linux_ARM|x86.Build.0 = Release_Linux_ARM|x86
		{314BCCE1-CD1E-4EBD-8F87-FD80E3FE0EBC}.Release_Linux_ARM64|Any CPU.ActiveCfg = Release_Linux_ARM64|Any CPU
		{314BCCE1-CD1E-4EBD-8F87-FD80E3FE0EBC}.Release_Linux_ARM64|Any CPU.Build.0 = Release_Linux_ARM64|Any CPU
		{314BCCE1-CD1E-4EBD-8F87-FD80E3FE0EBC}.Release_Linux_ARM64|ARM32.ActiveCfg = Release_Linux_ARM64|ARM32
		{314BCCE1-CD1E-4EBD-8F87-FD80E3FE0EBC}.Release_Linux_ARM64|ARM32.Build.0 = Release_Linux_ARM64|ARM32
		{314BCCE1-CD1E-4EBD-8F87-FD80E3FE0EBC}.Release_Linux_ARM64|ARM64.ActiveCfg = Release_Linux_ARM64|ARM64
		{314BCCE1-CD1E-4EBD-8F87-FD80E3FE0EBC}.Release_Linux_ARM64|ARM64.Build.0 = Release_Linux_ARM64|ARM64
		{314BCCE1-CD1E-4EBD-8F87-FD80E3FE0EBC}.Release_Linux_ARM64|x64.ActiveCfg = Release_Linux_ARM64|x64
		{314BCCE1-CD1E-4EBD-8F87-FD80E3FE0EBC}.Release_Linux_ARM64|x64.Build.0 = Release_Linux_ARM64|x64
		{314BCCE1-CD1E-4EBD-8F87-FD80E3FE0EBC}.Release_Linux_ARM64|x86.ActiveCfg = Release_Linux_ARM64|x86
		{314BCCE1-CD1E-4EBD-8F87-FD80E3FE0EBC}.Release_Linux_ARM64|x86.Build.0 = Release_Linux_ARM64|x86
		{314BCCE1-CD1E-4EBD-8F87-FD80E3FE0EBC}.Release_Linux_x64|Any CPU.ActiveCfg = Release_Linux_x64|Any CPU
		{314BCCE1-CD1E-4EBD-8F87-FD80E3FE0EBC}.Release_Linux_x64|Any CPU.Build.0 = Release_Linux_x64|Any CPU
		{314BCCE1-CD1E-4EBD-8F87-FD80E3FE0EBC}.Release_Linux_x64|ARM32.ActiveCfg = Release_Linux_x64|ARM32
		{314BCCE1-CD1E-4EBD-8F87-FD80E3FE0EBC}.Release_Linux_x64|ARM32.Build.0 = Release_Linux_x64|ARM32
		{314BCCE1-CD1E-4EBD-8F87-FD80E3FE0EBC}.Release_Linux_x64|ARM64.ActiveCfg = Release_Linux_x64|ARM64
		{314BCCE1-CD1E-4EBD-8F87-FD80E3FE0EBC}.Release_Linux_x64|ARM64.Build.0 = Release_Linux_x64|ARM64
		{314BCCE1-CD1E-4EBD-8F87-FD80E3FE0EBC}.Release_Linux_x64|x64.ActiveCfg = Release_Linux_x64|x64
		{314BCCE1-CD1E-4EBD-8F87-FD80E3FE0EBC}.Release_Linux_x64|x64.Build.0 = Release_Linux_x64|x64
		{314BCCE1-CD1E-4EBD-8F87-FD80E3FE0EBC}.Release_Linux_x64|x86.ActiveCfg = Release_Linux_x64|x86
		{314BCCE1-CD1E-4EBD-8F87-FD80E3FE0EBC}.Release_Linux_x64|x86.Build.0 = Release_Linux_x64|x86
		{314BCCE1-CD1E-4EBD-8F87-FD80E3FE0EBC}.Release_OSX_ARM64|Any CPU.ActiveCfg = Release_OSX_ARM64|Any CPU
		{314BCCE1-CD1E-4EBD-8F87-FD80E3FE0EBC}.Release_OSX_ARM64|Any CPU.Build.0 = Release_OSX_ARM64|Any CPU
		{314BCCE1-CD1E-4EBD-8F87-FD80E3FE0EBC}.Release_OSX_ARM64|ARM32.ActiveCfg = Release_OSX_ARM64|ARM32
		{314BCCE1-CD1E-4EBD-8F87-FD80E3FE0EBC}.Release_OSX_ARM64|ARM32.Build.0 = Release_OSX_ARM64|ARM32
		{314BCCE1-CD1E-4EBD-8F87-FD80E3FE0EBC}.Release_OSX_ARM64|ARM64.ActiveCfg = Release_OSX_ARM64|ARM64
		{314BCCE1-CD1E-4EBD-8F87-FD80E3FE0EBC}.Release_OSX_ARM64|ARM64.Build.0 = Release_OSX_ARM64|ARM64
		{314BCCE1-CD1E-4EBD-8F87-FD80E3FE0EBC}.Release_OSX_ARM64|x64.ActiveCfg = Release_OSX_ARM64|x64
		{314BCCE1-CD1E-4EBD-8F87-FD80E3FE0EBC}.Release_OSX_ARM64|x64.Build.0 = Release_OSX_ARM64|x64
		{314BCCE1-CD1E-4EBD-8F87-FD80E3FE0EBC}.Release_OSX_ARM64|x86.ActiveCfg = Release_OSX_ARM64|x86
		{314BCCE1-CD1E-4EBD-8F87-FD80E3FE0EBC}.Release_OSX_ARM64|x86.Build.0 = Release_OSX_ARM64|x86
		{314BCCE1-CD1E-4EBD-8F87-FD80E3FE0EBC}.Release_OSX_x64|Any CPU.ActiveCfg = Release_OSX_x64|Any CPU
		{314BCCE1-CD1E-4EBD-8F87-FD80E3FE0EBC}.Release_OSX_x64|Any CPU.Build.0 = Release_OSX_x64|Any CPU
		{314BCCE1-CD1E-4EBD-8F87-FD80E3FE0EBC}.Release_OSX_x64|ARM32.ActiveCfg = Release_OSX_x64|ARM32
		{314BCCE1-CD1E-4EBD-8F87-FD80E3FE0EBC}.Release_OSX_x64|ARM32.Build.0 = Release_OSX_x64|ARM32
		{314BCCE1-CD1E-4EBD-8F87-FD80E3FE0EBC}.Release_OSX_x64|ARM64.ActiveCfg = Release_OSX_x64|ARM64
		{314BCCE1-CD1E-4EBD-8F87-FD80E3FE0EBC}.Release_OSX_x64|ARM64.Build.0 = Release_OSX_x64|ARM64
		{314BCCE1-CD1E-4EBD-8F87-FD80E3FE0EBC}.Release_OSX_x64|x64.ActiveCfg = Release_OSX_x64|x64
		{314BCCE1-CD1E-4EBD-8F87-FD80E3FE0EBC}.Release_OSX_x64|x64.Build.0 = Release_OSX_x64|x64
		{314BCCE1-CD1E-4EBD-8F87-FD80E3FE0EBC}.Release_OSX_x64|x86.ActiveCfg = Release_OSX_x64|x86
		{314BCCE1-CD1E-4EBD-8F87-FD80E3FE0EBC}.Release_OSX_x64|x86.Build.0 = Release_OSX_x64|x86
		{314BCCE1-CD1E-4EBD-8F87-FD80E3FE0EBC}.Release_Win_ARM|Any CPU.ActiveCfg = Release_Win_ARM|Any CPU
		{314BCCE1-CD1E-4EBD-8F87-FD80E3FE0EBC}.Release_Win_ARM|Any CPU.Build.0 = Release_Win_ARM|Any CPU
		{314BCCE1-CD1E-4EBD-8F87-FD80E3FE0EBC}.Release_Win_ARM|ARM32.ActiveCfg = Release_Win_ARM|ARM32
		{314BCCE1-CD1E-4EBD-8F87-FD80E3FE0EBC}.Release_Win_ARM|ARM32.Build.0 = Release_Win_ARM|ARM32
		{314BCCE1-CD1E-4EBD-8F87-FD80E3FE0EBC}.Release_Win_ARM|ARM64.ActiveCfg = Release_Win_ARM|ARM64
		{314BCCE1-CD1E-4EBD-8F87-FD80E3FE0EBC}.Release_Win_ARM|ARM64.Build.0 = Release_Win_ARM|ARM64
		{314BCCE1-CD1E-4EBD-8F87-FD80E3FE0EBC}.Release_Win_ARM|x64.ActiveCfg = Release_Win_ARM|x64
		{314BCCE1-CD1E-4EBD-8F87-FD80E3FE0EBC}.Release_Win_ARM|x64.Build.0 = Release_Win_ARM|x64
		{314BCCE1-CD1E-4EBD-8F87-FD80E3FE0EBC}.Release_Win_ARM|x86.ActiveCfg = Release_Win_ARM|x86
		{314BCCE1-CD1E-4EBD-8F87-FD80E3FE0EBC}.Release_Win_ARM|x86.Build.0 = Release_Win_ARM|x86
		{314BCCE1-CD1E-4EBD-8F87-FD80E3FE0EBC}.Release_Win_ARM64|Any CPU.ActiveCfg = Release_Win_ARM64|Any CPU
		{314BCCE1-CD1E-4EBD-8F87-FD80E3FE0EBC}.Release_Win_ARM64|Any CPU.Build.0 = Release_Win_ARM64|Any CPU
		{314BCCE1-CD1E-4EBD-8F87-FD80E3FE0EBC}.Release_Win_ARM64|ARM32.ActiveCfg = Release_Win_ARM64|ARM32
		{314BCCE1-CD1E-4EBD-8F87-FD80E3FE0EBC}.Release_Win_ARM64|ARM32.Build.0 = Release_Win_ARM64|ARM32
		{314BCCE1-CD1E-4EBD-8F87-FD80E3FE0EBC}.Release_Win_ARM64|ARM64.ActiveCfg = Release_Win_ARM64|ARM64
		{314BCCE1-CD1E-4EBD-8F87-FD80E3FE0EBC}.Release_Win_ARM64|ARM64.Build.0 = Release_Win_ARM64|ARM64
		{314BCCE1-CD1E-4EBD-8F87-FD80E3FE0EBC}.Release_Win_ARM64|x64.ActiveCfg = Release_Win_ARM64|x64
		{314BCCE1-CD1E-4EBD-8F87-FD80E3FE0EBC}.Release_Win_ARM64|x64.Build.0 = Release_Win_ARM64|x64
		{314BCCE1-CD1E-4EBD-8F87-FD80E3FE0EBC}.Release_Win_ARM64|x86.ActiveCfg = Release_Win_ARM64|x86
		{314BCCE1-CD1E-4EBD-8F87-FD80E3FE0EBC}.Release_Win_ARM64|x86.Build.0 = Release_Win_ARM64|x86
		{314BCCE1-CD1E-4EBD-8F87-FD80E3FE0EBC}.Release_Win_X64|Any CPU.ActiveCfg = Release_Win_X64|Any CPU
		{314BCCE1-CD1E-4EBD-8F87-FD80E3FE0EBC}.Release_Win_X64|Any CPU.Build.0 = Release_Win_X64|Any CPU
		{314BCCE1-CD1E-4EBD-8F87-FD80E3FE0EBC}.Release_Win_X64|ARM32.ActiveCfg = Release_Win_X64|ARM32
		{314BCCE1-CD1E-4EBD-8F87-FD80E3FE0EBC}.Release_Win_X64|ARM32.Build.0 = Release_Win_X64|ARM32
		{314BCCE1-CD1E-4EBD-8F87-FD80E3FE0EBC}.Release_Win_X64|ARM64.ActiveCfg = Release_Win_X64|ARM64
		{314BCCE1-CD1E-4EBD-8F87-FD80E3FE0EBC}.Release_Win_X64|ARM64.Build.0 = Release_Win_X64|ARM64
		{314BCCE1-CD1E-4EBD-8F87-FD80E3FE0EBC}.Release_Win_X64|x64.ActiveCfg = Release_Win_X64|x64
		{314BCCE1-CD1E-4EBD-8F87-FD80E3FE0EBC}.Release_Win_X64|x64.Build.0 = Release_Win_X64|x64
		{314BCCE1-CD1E-4EBD-8F87-FD80E3FE0EBC}.Release_Win_X64|x86.ActiveCfg = Release_Win_X64|x86
		{314BCCE1-CD1E-4EBD-8F87-FD80E3FE0EBC}.Release_Win_X64|x86.Build.0 = Release_Win_X64|x86
		{314BCCE1-CD1E-4EBD-8F87-FD80E3FE0EBC}.Release_Win_X86|Any CPU.ActiveCfg = Release_Win_X86|Any CPU
		{314BCCE1-CD1E-4EBD-8F87-FD80E3FE0EBC}.Release_Win_X86|Any CPU.Build.0 = Release_Win_X86|Any CPU
		{314BCCE1-CD1E-4EBD-8F87-FD80E3FE0EBC}.Release_Win_X86|ARM32.ActiveCfg = Release_Win_X86|ARM32
		{314BCCE1-CD1E-4EBD-8F87-FD80E3FE0EBC}.Release_Win_X86|ARM32.Build.0 = Release_Win_X86|ARM32
		{314BCCE1-CD1E-4EBD-8F87-FD80E3FE0EBC}.Release_Win_X86|ARM64.ActiveCfg = Release_Win_X86|ARM64
		{314BCCE1-CD1E-4EBD-8F87-FD80E3FE0EBC}.Release_Win_X86|ARM64.Build.0 = Release_Win_X86|ARM64
		{314BCCE1-CD1E-4EBD-8F87-FD80E3FE0EBC}.Release_Win_X86|x64.ActiveCfg = Release_Win_X86|x64
		{314BCCE1-CD1E-4EBD-8F87-FD80E3FE0EBC}.Release_Win_X86|x64.Build.0 = Release_Win_X86|x64
		{314BCCE1-CD1E-4EBD-8F87-FD80E3FE0EBC}.Release_Win_X86|x86.ActiveCfg = Release_Win_X86|x86
		{314BCCE1-CD1E-4EBD-8F87-FD80E3FE0EBC}.Release_Win_X86|x86.Build.0 = Release_Win_X86|x86
		{314BCCE1-CD1E-4EBD-8F87-FD80E3FE0EBC}.Release|Any CPU.ActiveCfg = Release|Any CPU
		{314BCCE1-CD1E-4EBD-8F87-FD80E3FE0EBC}.Release|Any CPU.Build.0 = Release|Any CPU
		{314BCCE1-CD1E-4EBD-8F87-FD80E3FE0EBC}.Release|ARM32.ActiveCfg = Release|ARM32
		{314BCCE1-CD1E-4EBD-8F87-FD80E3FE0EBC}.Release|ARM32.Build.0 = Release|ARM32
		{314BCCE1-CD1E-4EBD-8F87-FD80E3FE0EBC}.Release|ARM64.ActiveCfg = Release|ARM64
		{314BCCE1-CD1E-4EBD-8F87-FD80E3FE0EBC}.Release|ARM64.Build.0 = Release|ARM64
		{314BCCE1-CD1E-4EBD-8F87-FD80E3FE0EBC}.Release|x64.ActiveCfg = Release|x64
		{314BCCE1-CD1E-4EBD-8F87-FD80E3FE0EBC}.Release|x64.Build.0 = Release|x64
		{314BCCE1-CD1E-4EBD-8F87-FD80E3FE0EBC}.Release|x86.ActiveCfg = Release|x86
		{314BCCE1-CD1E-4EBD-8F87-FD80E3FE0EBC}.Release|x86.Build.0 = Release|x86
		{771A8344-88E0-44A0-BF8B-E8C0717E5022}.Debug_Throw|Any CPU.ActiveCfg = Debug_Throw|Any CPU
		{771A8344-88E0-44A0-BF8B-E8C0717E5022}.Debug_Throw|Any CPU.Build.0 = Debug_Throw|Any CPU
		{771A8344-88E0-44A0-BF8B-E8C0717E5022}.Debug_Throw|ARM32.ActiveCfg = Debug_Throw|ARM32
		{771A8344-88E0-44A0-BF8B-E8C0717E5022}.Debug_Throw|ARM32.Build.0 = Debug_Throw|ARM32
		{771A8344-88E0-44A0-BF8B-E8C0717E5022}.Debug_Throw|ARM64.ActiveCfg = Debug_Throw|ARM64
		{771A8344-88E0-44A0-BF8B-E8C0717E5022}.Debug_Throw|ARM64.Build.0 = Debug_Throw|ARM64
		{771A8344-88E0-44A0-BF8B-E8C0717E5022}.Debug_Throw|x64.ActiveCfg = Debug_Throw|x64
		{771A8344-88E0-44A0-BF8B-E8C0717E5022}.Debug_Throw|x64.Build.0 = Debug_Throw|x64
		{771A8344-88E0-44A0-BF8B-E8C0717E5022}.Debug_Throw|x86.ActiveCfg = Debug_Throw|x86
		{771A8344-88E0-44A0-BF8B-E8C0717E5022}.Debug_Throw|x86.Build.0 = Debug_Throw|x86
		{771A8344-88E0-44A0-BF8B-E8C0717E5022}.Debug|Any CPU.ActiveCfg = Debug|Any CPU
		{771A8344-88E0-44A0-BF8B-E8C0717E5022}.Debug|Any CPU.Build.0 = Debug|Any CPU
		{771A8344-88E0-44A0-BF8B-E8C0717E5022}.Debug|ARM32.ActiveCfg = Debug|ARM32
		{771A8344-88E0-44A0-BF8B-E8C0717E5022}.Debug|ARM64.ActiveCfg = Debug|ARM64
		{771A8344-88E0-44A0-BF8B-E8C0717E5022}.Debug|x64.ActiveCfg = Debug|x64
		{771A8344-88E0-44A0-BF8B-E8C0717E5022}.Debug|x86.ActiveCfg = Debug|Any CPU
		{771A8344-88E0-44A0-BF8B-E8C0717E5022}.Debug|x86.Build.0 = Debug|Any CPU
		{771A8344-88E0-44A0-BF8B-E8C0717E5022}.Release_Linux_ARM|Any CPU.ActiveCfg = Release_Linux_ARM|Any CPU
		{771A8344-88E0-44A0-BF8B-E8C0717E5022}.Release_Linux_ARM|Any CPU.Build.0 = Release_Linux_ARM|Any CPU
		{771A8344-88E0-44A0-BF8B-E8C0717E5022}.Release_Linux_ARM|ARM32.ActiveCfg = Release_Linux_ARM|ARM32
		{771A8344-88E0-44A0-BF8B-E8C0717E5022}.Release_Linux_ARM|ARM64.ActiveCfg = Release_Linux_ARM|ARM64
		{771A8344-88E0-44A0-BF8B-E8C0717E5022}.Release_Linux_ARM|x64.ActiveCfg = Release_Linux_ARM|x64
		{771A8344-88E0-44A0-BF8B-E8C0717E5022}.Release_Linux_ARM|x86.ActiveCfg = Release_Linux_ARM|Any CPU
		{771A8344-88E0-44A0-BF8B-E8C0717E5022}.Release_Linux_ARM|x86.Build.0 = Release_Linux_ARM|Any CPU
		{771A8344-88E0-44A0-BF8B-E8C0717E5022}.Release_Linux_ARM64|Any CPU.ActiveCfg = Release_Linux_ARM64|Any CPU
		{771A8344-88E0-44A0-BF8B-E8C0717E5022}.Release_Linux_ARM64|Any CPU.Build.0 = Release_Linux_ARM64|Any CPU
		{771A8344-88E0-44A0-BF8B-E8C0717E5022}.Release_Linux_ARM64|ARM32.ActiveCfg = Release_Linux_ARM64|ARM32
		{771A8344-88E0-44A0-BF8B-E8C0717E5022}.Release_Linux_ARM64|ARM64.ActiveCfg = Release_Linux_ARM64|ARM64
		{771A8344-88E0-44A0-BF8B-E8C0717E5022}.Release_Linux_ARM64|x64.ActiveCfg = Release_Linux_ARM64|x64
		{771A8344-88E0-44A0-BF8B-E8C0717E5022}.Release_Linux_ARM64|x86.ActiveCfg = Release_Linux_ARM64|Any CPU
		{771A8344-88E0-44A0-BF8B-E8C0717E5022}.Release_Linux_ARM64|x86.Build.0 = Release_Linux_ARM64|Any CPU
		{771A8344-88E0-44A0-BF8B-E8C0717E5022}.Release_Linux_x64|Any CPU.ActiveCfg = Release_Linux_x64|Any CPU
		{771A8344-88E0-44A0-BF8B-E8C0717E5022}.Release_Linux_x64|Any CPU.Build.0 = Release_Linux_x64|Any CPU
		{771A8344-88E0-44A0-BF8B-E8C0717E5022}.Release_Linux_x64|ARM32.ActiveCfg = Release_Linux_x64|ARM32
		{771A8344-88E0-44A0-BF8B-E8C0717E5022}.Release_Linux_x64|ARM64.ActiveCfg = Release_Linux_x64|ARM64
		{771A8344-88E0-44A0-BF8B-E8C0717E5022}.Release_Linux_x64|x64.ActiveCfg = Release_Linux_x64|x64
		{771A8344-88E0-44A0-BF8B-E8C0717E5022}.Release_Linux_x64|x86.ActiveCfg = Release_Linux_x64|Any CPU
		{771A8344-88E0-44A0-BF8B-E8C0717E5022}.Release_Linux_x64|x86.Build.0 = Release_Linux_x64|Any CPU
		{771A8344-88E0-44A0-BF8B-E8C0717E5022}.Release_OSX_ARM64|Any CPU.ActiveCfg = Release_Win_ARM64|Any CPU
		{771A8344-88E0-44A0-BF8B-E8C0717E5022}.Release_OSX_ARM64|Any CPU.Build.0 = Release_Win_ARM64|Any CPU
		{771A8344-88E0-44A0-BF8B-E8C0717E5022}.Release_OSX_ARM64|ARM32.ActiveCfg = Release_Win_ARM64|ARM32
		{771A8344-88E0-44A0-BF8B-E8C0717E5022}.Release_OSX_ARM64|ARM32.Build.0 = Release_Win_ARM64|ARM32
		{771A8344-88E0-44A0-BF8B-E8C0717E5022}.Release_OSX_ARM64|ARM64.ActiveCfg = Release_Win_ARM64|ARM64
		{771A8344-88E0-44A0-BF8B-E8C0717E5022}.Release_OSX_ARM64|ARM64.Build.0 = Release_Win_ARM64|ARM64
		{771A8344-88E0-44A0-BF8B-E8C0717E5022}.Release_OSX_ARM64|x64.ActiveCfg = Release_Win_ARM64|x64
		{771A8344-88E0-44A0-BF8B-E8C0717E5022}.Release_OSX_ARM64|x64.Build.0 = Release_Win_ARM64|x64
		{771A8344-88E0-44A0-BF8B-E8C0717E5022}.Release_OSX_ARM64|x86.ActiveCfg = Release_Win_ARM64|x86
		{771A8344-88E0-44A0-BF8B-E8C0717E5022}.Release_OSX_ARM64|x86.Build.0 = Release_Win_ARM64|x86
		{771A8344-88E0-44A0-BF8B-E8C0717E5022}.Release_OSX_x64|Any CPU.ActiveCfg = Release_OSX_x64|Any CPU
		{771A8344-88E0-44A0-BF8B-E8C0717E5022}.Release_OSX_x64|Any CPU.Build.0 = Release_OSX_x64|Any CPU
		{771A8344-88E0-44A0-BF8B-E8C0717E5022}.Release_OSX_x64|ARM32.ActiveCfg = Release_OSX_x64|ARM32
		{771A8344-88E0-44A0-BF8B-E8C0717E5022}.Release_OSX_x64|ARM64.ActiveCfg = Release_OSX_x64|ARM64
		{771A8344-88E0-44A0-BF8B-E8C0717E5022}.Release_OSX_x64|x64.ActiveCfg = Release_OSX_x64|x64
		{771A8344-88E0-44A0-BF8B-E8C0717E5022}.Release_OSX_x64|x86.ActiveCfg = Release_OSX_x64|Any CPU
		{771A8344-88E0-44A0-BF8B-E8C0717E5022}.Release_OSX_x64|x86.Build.0 = Release_OSX_x64|Any CPU
		{771A8344-88E0-44A0-BF8B-E8C0717E5022}.Release_Win_ARM|Any CPU.ActiveCfg = Release_Win_ARM|Any CPU
		{771A8344-88E0-44A0-BF8B-E8C0717E5022}.Release_Win_ARM|Any CPU.Build.0 = Release_Win_ARM|Any CPU
		{771A8344-88E0-44A0-BF8B-E8C0717E5022}.Release_Win_ARM|ARM32.ActiveCfg = Release_Win_ARM|ARM32
		{771A8344-88E0-44A0-BF8B-E8C0717E5022}.Release_Win_ARM|ARM64.ActiveCfg = Release_Win_ARM|ARM64
		{771A8344-88E0-44A0-BF8B-E8C0717E5022}.Release_Win_ARM|x64.ActiveCfg = Release_Win_ARM|x64
		{771A8344-88E0-44A0-BF8B-E8C0717E5022}.Release_Win_ARM|x86.ActiveCfg = Release_Win_ARM|Any CPU
		{771A8344-88E0-44A0-BF8B-E8C0717E5022}.Release_Win_ARM|x86.Build.0 = Release_Win_ARM|Any CPU
		{771A8344-88E0-44A0-BF8B-E8C0717E5022}.Release_Win_ARM64|Any CPU.ActiveCfg = Release_Win_ARM64|Any CPU
		{771A8344-88E0-44A0-BF8B-E8C0717E5022}.Release_Win_ARM64|Any CPU.Build.0 = Release_Win_ARM64|Any CPU
		{771A8344-88E0-44A0-BF8B-E8C0717E5022}.Release_Win_ARM64|ARM32.ActiveCfg = Release_Win_ARM64|ARM32
		{771A8344-88E0-44A0-BF8B-E8C0717E5022}.Release_Win_ARM64|ARM64.ActiveCfg = Release_Win_ARM64|ARM64
		{771A8344-88E0-44A0-BF8B-E8C0717E5022}.Release_Win_ARM64|x64.ActiveCfg = Release_Win_ARM64|x64
		{771A8344-88E0-44A0-BF8B-E8C0717E5022}.Release_Win_ARM64|x86.ActiveCfg = Release_Win_ARM64|Any CPU
		{771A8344-88E0-44A0-BF8B-E8C0717E5022}.Release_Win_ARM64|x86.Build.0 = Release_Win_ARM64|Any CPU
		{771A8344-88E0-44A0-BF8B-E8C0717E5022}.Release_Win_X64|Any CPU.ActiveCfg = Release_Win_X64|Any CPU
		{771A8344-88E0-44A0-BF8B-E8C0717E5022}.Release_Win_X64|Any CPU.Build.0 = Release_Win_X64|Any CPU
		{771A8344-88E0-44A0-BF8B-E8C0717E5022}.Release_Win_X64|ARM32.ActiveCfg = Release_Win_X64|ARM32
		{771A8344-88E0-44A0-BF8B-E8C0717E5022}.Release_Win_X64|ARM64.ActiveCfg = Release_Win_X64|ARM64
		{771A8344-88E0-44A0-BF8B-E8C0717E5022}.Release_Win_X64|x64.ActiveCfg = Release_Win_X64|x64
		{771A8344-88E0-44A0-BF8B-E8C0717E5022}.Release_Win_X64|x86.ActiveCfg = Release_Win_X64|Any CPU
		{771A8344-88E0-44A0-BF8B-E8C0717E5022}.Release_Win_X64|x86.Build.0 = Release_Win_X64|Any CPU
		{771A8344-88E0-44A0-BF8B-E8C0717E5022}.Release_Win_X86|Any CPU.ActiveCfg = Release_Win_X86|Any CPU
		{771A8344-88E0-44A0-BF8B-E8C0717E5022}.Release_Win_X86|Any CPU.Build.0 = Release_Win_X86|Any CPU
		{771A8344-88E0-44A0-BF8B-E8C0717E5022}.Release_Win_X86|ARM32.ActiveCfg = Release_Win_X86|ARM32
		{771A8344-88E0-44A0-BF8B-E8C0717E5022}.Release_Win_X86|ARM64.ActiveCfg = Release_Win_X86|ARM64
		{771A8344-88E0-44A0-BF8B-E8C0717E5022}.Release_Win_X86|x64.ActiveCfg = Release_Win_X86|x64
		{771A8344-88E0-44A0-BF8B-E8C0717E5022}.Release_Win_X86|x86.ActiveCfg = Release_Win_X86|Any CPU
		{771A8344-88E0-44A0-BF8B-E8C0717E5022}.Release_Win_X86|x86.Build.0 = Release_Win_X86|Any CPU
		{771A8344-88E0-44A0-BF8B-E8C0717E5022}.Release|Any CPU.ActiveCfg = Release|Any CPU
		{771A8344-88E0-44A0-BF8B-E8C0717E5022}.Release|ARM32.ActiveCfg = Release|ARM32
		{771A8344-88E0-44A0-BF8B-E8C0717E5022}.Release|ARM64.ActiveCfg = Release|ARM64
		{771A8344-88E0-44A0-BF8B-E8C0717E5022}.Release|x64.ActiveCfg = Release|x64
		{771A8344-88E0-44A0-BF8B-E8C0717E5022}.Release|x86.ActiveCfg = Release|Any CPU
		{771A8344-88E0-44A0-BF8B-E8C0717E5022}.Release|x86.Build.0 = Release|Any CPU
		{DD4EFCA0-F2B9-448E-A124-0267C5066164}.Debug_Throw|Any CPU.ActiveCfg = Debug_Throw|Any CPU
		{DD4EFCA0-F2B9-448E-A124-0267C5066164}.Debug_Throw|Any CPU.Build.0 = Debug_Throw|Any CPU
		{DD4EFCA0-F2B9-448E-A124-0267C5066164}.Debug_Throw|ARM32.ActiveCfg = Debug_Throw|ARM32
		{DD4EFCA0-F2B9-448E-A124-0267C5066164}.Debug_Throw|ARM32.Build.0 = Debug_Throw|ARM32
		{DD4EFCA0-F2B9-448E-A124-0267C5066164}.Debug_Throw|ARM64.ActiveCfg = Debug_Throw|ARM64
		{DD4EFCA0-F2B9-448E-A124-0267C5066164}.Debug_Throw|ARM64.Build.0 = Debug_Throw|ARM64
		{DD4EFCA0-F2B9-448E-A124-0267C5066164}.Debug_Throw|x64.ActiveCfg = Debug_Throw|x64
		{DD4EFCA0-F2B9-448E-A124-0267C5066164}.Debug_Throw|x64.Build.0 = Debug_Throw|x64
		{DD4EFCA0-F2B9-448E-A124-0267C5066164}.Debug_Throw|x86.ActiveCfg = Debug_Throw|Any CPU
		{DD4EFCA0-F2B9-448E-A124-0267C5066164}.Debug_Throw|x86.Build.0 = Debug_Throw|Any CPU
		{DD4EFCA0-F2B9-448E-A124-0267C5066164}.Debug|Any CPU.ActiveCfg = Debug|Any CPU
		{DD4EFCA0-F2B9-448E-A124-0267C5066164}.Debug|Any CPU.Build.0 = Debug|Any CPU
		{DD4EFCA0-F2B9-448E-A124-0267C5066164}.Debug|ARM32.ActiveCfg = Debug|ARM32
		{DD4EFCA0-F2B9-448E-A124-0267C5066164}.Debug|ARM32.Build.0 = Debug|ARM32
		{DD4EFCA0-F2B9-448E-A124-0267C5066164}.Debug|ARM64.ActiveCfg = Debug|ARM64
		{DD4EFCA0-F2B9-448E-A124-0267C5066164}.Debug|ARM64.Build.0 = Debug|ARM64
		{DD4EFCA0-F2B9-448E-A124-0267C5066164}.Debug|x64.ActiveCfg = Debug|x64
		{DD4EFCA0-F2B9-448E-A124-0267C5066164}.Debug|x64.Build.0 = Debug|x64
		{DD4EFCA0-F2B9-448E-A124-0267C5066164}.Debug|x86.ActiveCfg = Debug|Any CPU
		{DD4EFCA0-F2B9-448E-A124-0267C5066164}.Debug|x86.Build.0 = Debug|Any CPU
		{DD4EFCA0-F2B9-448E-A124-0267C5066164}.Release_Linux_ARM|Any CPU.ActiveCfg = Release_Linux_ARM|Any CPU
		{DD4EFCA0-F2B9-448E-A124-0267C5066164}.Release_Linux_ARM|Any CPU.Build.0 = Release_Linux_ARM|Any CPU
		{DD4EFCA0-F2B9-448E-A124-0267C5066164}.Release_Linux_ARM|ARM32.ActiveCfg = Release_Linux_ARM|ARM32
		{DD4EFCA0-F2B9-448E-A124-0267C5066164}.Release_Linux_ARM|ARM32.Build.0 = Release_Linux_ARM|ARM32
		{DD4EFCA0-F2B9-448E-A124-0267C5066164}.Release_Linux_ARM|ARM64.ActiveCfg = Release_Linux_ARM|ARM64
		{DD4EFCA0-F2B9-448E-A124-0267C5066164}.Release_Linux_ARM|ARM64.Build.0 = Release_Linux_ARM|ARM64
		{DD4EFCA0-F2B9-448E-A124-0267C5066164}.Release_Linux_ARM|x64.ActiveCfg = Release_Linux_ARM|x64
		{DD4EFCA0-F2B9-448E-A124-0267C5066164}.Release_Linux_ARM|x64.Build.0 = Release_Linux_ARM|x64
		{DD4EFCA0-F2B9-448E-A124-0267C5066164}.Release_Linux_ARM|x86.ActiveCfg = Release_Linux_ARM|Any CPU
		{DD4EFCA0-F2B9-448E-A124-0267C5066164}.Release_Linux_ARM|x86.Build.0 = Release_Linux_ARM|Any CPU
		{DD4EFCA0-F2B9-448E-A124-0267C5066164}.Release_Linux_ARM64|Any CPU.ActiveCfg = Release_Linux_ARM64|Any CPU
		{DD4EFCA0-F2B9-448E-A124-0267C5066164}.Release_Linux_ARM64|Any CPU.Build.0 = Release_Linux_ARM64|Any CPU
		{DD4EFCA0-F2B9-448E-A124-0267C5066164}.Release_Linux_ARM64|ARM32.ActiveCfg = Release_Linux_ARM64|ARM32
		{DD4EFCA0-F2B9-448E-A124-0267C5066164}.Release_Linux_ARM64|ARM32.Build.0 = Release_Linux_ARM64|ARM32
		{DD4EFCA0-F2B9-448E-A124-0267C5066164}.Release_Linux_ARM64|ARM64.ActiveCfg = Release_Linux_ARM64|ARM64
		{DD4EFCA0-F2B9-448E-A124-0267C5066164}.Release_Linux_ARM64|ARM64.Build.0 = Release_Linux_ARM64|ARM64
		{DD4EFCA0-F2B9-448E-A124-0267C5066164}.Release_Linux_ARM64|x64.ActiveCfg = Release_Linux_ARM64|x64
		{DD4EFCA0-F2B9-448E-A124-0267C5066164}.Release_Linux_ARM64|x64.Build.0 = Release_Linux_ARM64|x64
		{DD4EFCA0-F2B9-448E-A124-0267C5066164}.Release_Linux_ARM64|x86.ActiveCfg = Release_Linux_ARM64|Any CPU
		{DD4EFCA0-F2B9-448E-A124-0267C5066164}.Release_Linux_ARM64|x86.Build.0 = Release_Linux_ARM64|Any CPU
		{DD4EFCA0-F2B9-448E-A124-0267C5066164}.Release_Linux_x64|Any CPU.ActiveCfg = Release_Linux_x64|Any CPU
		{DD4EFCA0-F2B9-448E-A124-0267C5066164}.Release_Linux_x64|Any CPU.Build.0 = Release_Linux_x64|Any CPU
		{DD4EFCA0-F2B9-448E-A124-0267C5066164}.Release_Linux_x64|ARM32.ActiveCfg = Release_Linux_x64|ARM32
		{DD4EFCA0-F2B9-448E-A124-0267C5066164}.Release_Linux_x64|ARM32.Build.0 = Release_Linux_x64|ARM32
		{DD4EFCA0-F2B9-448E-A124-0267C5066164}.Release_Linux_x64|ARM64.ActiveCfg = Release_Linux_x64|ARM64
		{DD4EFCA0-F2B9-448E-A124-0267C5066164}.Release_Linux_x64|ARM64.Build.0 = Release_Linux_x64|ARM64
		{DD4EFCA0-F2B9-448E-A124-0267C5066164}.Release_Linux_x64|x64.ActiveCfg = Release_Linux_x64|x64
		{DD4EFCA0-F2B9-448E-A124-0267C5066164}.Release_Linux_x64|x64.Build.0 = Release_Linux_x64|x64
		{DD4EFCA0-F2B9-448E-A124-0267C5066164}.Release_Linux_x64|x86.ActiveCfg = Release_Linux_x64|Any CPU
		{DD4EFCA0-F2B9-448E-A124-0267C5066164}.Release_Linux_x64|x86.Build.0 = Release_Linux_x64|Any CPU
		{DD4EFCA0-F2B9-448E-A124-0267C5066164}.Release_OSX_ARM64|Any CPU.ActiveCfg = Release_Win_ARM64|Any CPU
		{DD4EFCA0-F2B9-448E-A124-0267C5066164}.Release_OSX_ARM64|Any CPU.Build.0 = Release_Win_ARM64|Any CPU
		{DD4EFCA0-F2B9-448E-A124-0267C5066164}.Release_OSX_ARM64|ARM32.ActiveCfg = Release_Win_ARM64|ARM32
		{DD4EFCA0-F2B9-448E-A124-0267C5066164}.Release_OSX_ARM64|ARM32.Build.0 = Release_Win_ARM64|ARM32
		{DD4EFCA0-F2B9-448E-A124-0267C5066164}.Release_OSX_ARM64|ARM64.ActiveCfg = Release_Win_ARM64|ARM64
		{DD4EFCA0-F2B9-448E-A124-0267C5066164}.Release_OSX_ARM64|ARM64.Build.0 = Release_Win_ARM64|ARM64
		{DD4EFCA0-F2B9-448E-A124-0267C5066164}.Release_OSX_ARM64|x64.ActiveCfg = Release_Win_ARM64|x64
		{DD4EFCA0-F2B9-448E-A124-0267C5066164}.Release_OSX_ARM64|x64.Build.0 = Release_Win_ARM64|x64
		{DD4EFCA0-F2B9-448E-A124-0267C5066164}.Release_OSX_ARM64|x86.ActiveCfg = Release_Win_ARM64|Any CPU
		{DD4EFCA0-F2B9-448E-A124-0267C5066164}.Release_OSX_ARM64|x86.Build.0 = Release_Win_ARM64|Any CPU
		{DD4EFCA0-F2B9-448E-A124-0267C5066164}.Release_OSX_x64|Any CPU.ActiveCfg = Release_OSX_x64|Any CPU
		{DD4EFCA0-F2B9-448E-A124-0267C5066164}.Release_OSX_x64|Any CPU.Build.0 = Release_OSX_x64|Any CPU
		{DD4EFCA0-F2B9-448E-A124-0267C5066164}.Release_OSX_x64|ARM32.ActiveCfg = Release_OSX_x64|ARM32
		{DD4EFCA0-F2B9-448E-A124-0267C5066164}.Release_OSX_x64|ARM32.Build.0 = Release_OSX_x64|ARM32
		{DD4EFCA0-F2B9-448E-A124-0267C5066164}.Release_OSX_x64|ARM64.ActiveCfg = Release_OSX_x64|ARM64
		{DD4EFCA0-F2B9-448E-A124-0267C5066164}.Release_OSX_x64|ARM64.Build.0 = Release_OSX_x64|ARM64
		{DD4EFCA0-F2B9-448E-A124-0267C5066164}.Release_OSX_x64|x64.ActiveCfg = Release_OSX_x64|x64
		{DD4EFCA0-F2B9-448E-A124-0267C5066164}.Release_OSX_x64|x64.Build.0 = Release_OSX_x64|x64
		{DD4EFCA0-F2B9-448E-A124-0267C5066164}.Release_OSX_x64|x86.ActiveCfg = Release_OSX_x64|Any CPU
		{DD4EFCA0-F2B9-448E-A124-0267C5066164}.Release_OSX_x64|x86.Build.0 = Release_OSX_x64|Any CPU
		{DD4EFCA0-F2B9-448E-A124-0267C5066164}.Release_Win_ARM|Any CPU.ActiveCfg = Release_Win_ARM|Any CPU
		{DD4EFCA0-F2B9-448E-A124-0267C5066164}.Release_Win_ARM|Any CPU.Build.0 = Release_Win_ARM|Any CPU
		{DD4EFCA0-F2B9-448E-A124-0267C5066164}.Release_Win_ARM|ARM32.ActiveCfg = Release_Win_ARM|ARM32
		{DD4EFCA0-F2B9-448E-A124-0267C5066164}.Release_Win_ARM|ARM32.Build.0 = Release_Win_ARM|ARM32
		{DD4EFCA0-F2B9-448E-A124-0267C5066164}.Release_Win_ARM|ARM64.ActiveCfg = Release_Win_ARM|ARM64
		{DD4EFCA0-F2B9-448E-A124-0267C5066164}.Release_Win_ARM|ARM64.Build.0 = Release_Win_ARM|ARM64
		{DD4EFCA0-F2B9-448E-A124-0267C5066164}.Release_Win_ARM|x64.ActiveCfg = Release_Win_ARM|x64
		{DD4EFCA0-F2B9-448E-A124-0267C5066164}.Release_Win_ARM|x64.Build.0 = Release_Win_ARM|x64
		{DD4EFCA0-F2B9-448E-A124-0267C5066164}.Release_Win_ARM|x86.ActiveCfg = Release_Win_ARM|Any CPU
		{DD4EFCA0-F2B9-448E-A124-0267C5066164}.Release_Win_ARM|x86.Build.0 = Release_Win_ARM|Any CPU
		{DD4EFCA0-F2B9-448E-A124-0267C5066164}.Release_Win_ARM64|Any CPU.ActiveCfg = Release_Win_ARM|Any CPU
		{DD4EFCA0-F2B9-448E-A124-0267C5066164}.Release_Win_ARM64|Any CPU.Build.0 = Release_Win_ARM|Any CPU
		{DD4EFCA0-F2B9-448E-A124-0267C5066164}.Release_Win_ARM64|ARM32.ActiveCfg = Release_Win_ARM64|ARM32
		{DD4EFCA0-F2B9-448E-A124-0267C5066164}.Release_Win_ARM64|ARM32.Build.0 = Release_Win_ARM64|ARM32
		{DD4EFCA0-F2B9-448E-A124-0267C5066164}.Release_Win_ARM64|ARM64.ActiveCfg = Release_Win_ARM64|ARM64
		{DD4EFCA0-F2B9-448E-A124-0267C5066164}.Release_Win_ARM64|ARM64.Build.0 = Release_Win_ARM64|ARM64
		{DD4EFCA0-F2B9-448E-A124-0267C5066164}.Release_Win_ARM64|x64.ActiveCfg = Release_Win_ARM64|x64
		{DD4EFCA0-F2B9-448E-A124-0267C5066164}.Release_Win_ARM64|x64.Build.0 = Release_Win_ARM64|x64
		{DD4EFCA0-F2B9-448E-A124-0267C5066164}.Release_Win_ARM64|x86.ActiveCfg = Release_Win_ARM64|Any CPU
		{DD4EFCA0-F2B9-448E-A124-0267C5066164}.Release_Win_ARM64|x86.Build.0 = Release_Win_ARM64|Any CPU
		{DD4EFCA0-F2B9-448E-A124-0267C5066164}.Release_Win_X64|Any CPU.ActiveCfg = Release_Win_X64|Any CPU
		{DD4EFCA0-F2B9-448E-A124-0267C5066164}.Release_Win_X64|Any CPU.Build.0 = Release_Win_X64|Any CPU
		{DD4EFCA0-F2B9-448E-A124-0267C5066164}.Release_Win_X64|ARM32.ActiveCfg = Release_Win_X64|ARM32
		{DD4EFCA0-F2B9-448E-A124-0267C5066164}.Release_Win_X64|ARM32.Build.0 = Release_Win_X64|ARM32
		{DD4EFCA0-F2B9-448E-A124-0267C5066164}.Release_Win_X64|ARM64.ActiveCfg = Release_Win_X64|ARM64
		{DD4EFCA0-F2B9-448E-A124-0267C5066164}.Release_Win_X64|ARM64.Build.0 = Release_Win_X64|ARM64
		{DD4EFCA0-F2B9-448E-A124-0267C5066164}.Release_Win_X64|x64.ActiveCfg = Release_Win_X64|x64
		{DD4EFCA0-F2B9-448E-A124-0267C5066164}.Release_Win_X64|x64.Build.0 = Release_Win_X64|x64
		{DD4EFCA0-F2B9-448E-A124-0267C5066164}.Release_Win_X64|x86.ActiveCfg = Release_Win_X64|Any CPU
		{DD4EFCA0-F2B9-448E-A124-0267C5066164}.Release_Win_X64|x86.Build.0 = Release_Win_X64|Any CPU
		{DD4EFCA0-F2B9-448E-A124-0267C5066164}.Release_Win_X86|Any CPU.ActiveCfg = Release_Win_X86|Any CPU
		{DD4EFCA0-F2B9-448E-A124-0267C5066164}.Release_Win_X86|Any CPU.Build.0 = Release_Win_X86|Any CPU
		{DD4EFCA0-F2B9-448E-A124-0267C5066164}.Release_Win_X86|ARM32.ActiveCfg = Release_Win_X86|ARM32
		{DD4EFCA0-F2B9-448E-A124-0267C5066164}.Release_Win_X86|ARM32.Build.0 = Release_Win_X86|ARM32
		{DD4EFCA0-F2B9-448E-A124-0267C5066164}.Release_Win_X86|ARM64.ActiveCfg = Release_Win_X86|ARM64
		{DD4EFCA0-F2B9-448E-A124-0267C5066164}.Release_Win_X86|ARM64.Build.0 = Release_Win_X86|ARM64
		{DD4EFCA0-F2B9-448E-A124-0267C5066164}.Release_Win_X86|x64.ActiveCfg = Release_Win_X86|x64
		{DD4EFCA0-F2B9-448E-A124-0267C5066164}.Release_Win_X86|x64.Build.0 = Release_Win_X86|x64
		{DD4EFCA0-F2B9-448E-A124-0267C5066164}.Release_Win_X86|x86.ActiveCfg = Release_Win_X86|Any CPU
		{DD4EFCA0-F2B9-448E-A124-0267C5066164}.Release_Win_X86|x86.Build.0 = Release_Win_X86|Any CPU
		{DD4EFCA0-F2B9-448E-A124-0267C5066164}.Release|Any CPU.ActiveCfg = Release|Any CPU
		{DD4EFCA0-F2B9-448E-A124-0267C5066164}.Release|Any CPU.Build.0 = Release|Any CPU
		{DD4EFCA0-F2B9-448E-A124-0267C5066164}.Release|ARM32.ActiveCfg = Release|ARM32
		{DD4EFCA0-F2B9-448E-A124-0267C5066164}.Release|ARM32.Build.0 = Release|ARM32
		{DD4EFCA0-F2B9-448E-A124-0267C5066164}.Release|ARM64.ActiveCfg = Release|ARM64
		{DD4EFCA0-F2B9-448E-A124-0267C5066164}.Release|ARM64.Build.0 = Release|ARM64
		{DD4EFCA0-F2B9-448E-A124-0267C5066164}.Release|x64.ActiveCfg = Release|x64
		{DD4EFCA0-F2B9-448E-A124-0267C5066164}.Release|x64.Build.0 = Release|x64
		{DD4EFCA0-F2B9-448E-A124-0267C5066164}.Release|x86.ActiveCfg = Release|Any CPU
		{DD4EFCA0-F2B9-448E-A124-0267C5066164}.Release|x86.Build.0 = Release|Any CPU
	EndGlobalSection
	GlobalSection(SolutionProperties) = preSolution
		HideSolutionNode = FALSE
	EndGlobalSection
	GlobalSection(ExtensibilityGlobals) = postSolution
		SolutionGuid = {87851957-A0F2-43DB-B97D-E60EACFF018E}
	EndGlobalSection
EndGlobal
